---
lockfileVersion: '9.0'

importers:

  .:
    configDependencies:
      '@pnpm/pacquet':
        specifier: 0.11.7
        version: 0.11.7
    packageManagerDependencies:
      '@pnpm/exe':
        specifier: 11.7.0
        version: 11.7.0
      pnpm:
        specifier: 11.7.0
        version: 11.7.0

packages:

  '@pacquet/darwin-arm64@0.11.7':
    resolution: {integrity: sha512-m8jBONLaI7ZgRsY+w4xO017C31F/tScmevLKE9SJEXxZvfD/0Rj4ddxCzBDhSCINcHjq0MWWF6rv5BNvVDbAuA==}
    cpu: [arm64]
    os: [darwin]

  '@pacquet/darwin-x64@0.11.7':
    resolution: {integrity: sha512-Qt81TJeVhrft8i/yhM3sjNfqjFiZCWa5PvgRLuF1wv8weQPiPURRw7krV6LmBMqkJiV6oMPN5TjYg07VlVwG5Q==}
    cpu: [x64]
    os: [darwin]

  '@pacquet/linux-arm64-musl@0.11.7':
    resolution: {integrity: sha512-U2xJ9en8/gkrBoJONexR8gOooYvfcfB/C6J8UVz3XnS0yGz2xO4GZ/6EWItRvMh2t2M0Q9ksqVYhyJFR5CUYmw==}
    cpu: [arm64]
    os: [linux]
    libc: [musl]

  '@pacquet/linux-arm64@0.11.7':
    resolution: {integrity: sha512-bfEuondMDULVoIlEA6rvZyIAc6eDEiMSLBWNzZ6+Rs+E8c8lR5dlb849muDXW3lFpfpzE8yTm7vyxiNlUleFeA==}
    cpu: [arm64]
    os: [linux]
    libc: [glibc]

  '@pacquet/linux-x64-musl@0.11.7':
    resolution: {integrity: sha512-4Te3HGoZRg8KU8P9+doi/PFr4V2U/CmYTaNyjDhFfblzIuABPBqzagfIF12gAIJ+d0wGHk5zOO2TYts3JDGMMw==}
    cpu: [x64]
    os: [linux]
    libc: [musl]

  '@pacquet/linux-x64@0.11.7':
    resolution: {integrity: sha512-m3pRXMNrNPjNuuXiRu7K1CbDFrFL2IT0FHX0I+5v4ZHy8/gYjkELwiQLsEAscAmAgFdXbjH+tPoZgiWmaQypfA==}
    cpu: [x64]
    os: [linux]
    libc: [glibc]

  '@pacquet/win32-arm64@0.11.7':
    resolution: {integrity: sha512-SU5pi+XviXYOlxE0w0FWm87Esqi4H4a5c/5fXoMV7qpBm91dP5Vu+NzaKlsySdcrWHMJKL2nSIHtsI8jb08T/w==}
    cpu: [arm64]
    os: [win32]

  '@pacquet/win32-x64@0.11.7':
    resolution: {integrity: sha512-Xp3826uuUNXXSuapkVgou+2rxh+oymQFRNBqOEPGK6Izg6XMxNIcn11rBT8NvaZqiKL+tMCVruk5bfWx3NUDSw==}
    cpu: [x64]
    os: [win32]

  '@pnpm/exe@11.7.0':
    resolution: {integrity: sha512-3CujpSSp2PIDE0pwu7mWSdjhdDqaZa7OppVooECWWaNEoA/z66s9FZts1MhDO+2yq1XER4gBHh84DVbFN/r1rA==}
    hasBin: true

  '@pnpm/linux-arm64@11.7.0':
    resolution: {integrity: sha512-ANTX2SlMO+d2y/4bYQhHCwHPX7gSSADJ5+pMUIiDFzIsybnFFaJdZboaFfq9NOxCbETcnDxqZ95Rz3+NHx1JIw==}
    cpu: [arm64]
    os: [linux]

  '@pnpm/linux-x64@11.7.0':
    resolution: {integrity: sha512-fr75tqixXoS8cnA81HQIomjOGEPnsOsd3xCDL5pMNY5raOXbKurtgRV+RjATvjxlJxSLIVFKegABlxAiB7q72A==}
    cpu: [x64]
    os: [linux]

  '@pnpm/linuxstatic-arm64@11.7.0':
    resolution: {integrity: sha512-Q++pgzvXkGeqnVRl26/uqmpMGdttQus0rGyL3XIfYGLCi8ZfajYUaCKdZID2MH7+CNOuugWDdFDup3r7BR7Rfg==}
    cpu: [arm64]
    os: [linux]
    libc: [musl]

  '@pnpm/linuxstatic-x64@11.7.0':
    resolution: {integrity: sha512-z1+exW6ocU/rmOvJnmU3FUBJYaryCUqFoaXN6KZW5BqTj7BPJb7HJcAyXRlirNZMJlEiUY5rXbfStGPQJhGsVA==}
    cpu: [x64]
    os: [linux]
    libc: [musl]

  '@pnpm/macos-arm64@11.7.0':
    resolution: {integrity: sha512-gD34/k3JT5oab4BYaqrUor3e4VdwXvkfLNlEI+lvDtX1MHT+2Nauc9p9NsQnpn1zE8blQEflzbF8wAUQ6Dmvkw==}
    cpu: [arm64]
    os: [darwin]

  '@pnpm/pacquet@0.11.7':
    resolution: {integrity: sha512-d6YCoaAgOOVCLZbD6FLAz0XPViR8FMTWWJ7qW6+mXZKJgmLgVC31JXq7TftMnU5IOutSrdF8HnO/2/zLi8CIHw==}

  '@pnpm/win-arm64@11.7.0':
    resolution: {integrity: sha512-hRTcDmm2j7KoRwbqNo0rUAu9A1kVJN98Eob7H09U0uPJbEMax85JGOmERkT3Lf6HjVJuFNBvfaJ3OTI3HmlVGg==}
    cpu: [arm64]
    os: [win32]

  '@pnpm/win-x64@11.7.0':
    resolution: {integrity: sha512-r/1NuKY7Z+6ZXVIzVrUEMj6TTEBdR63geV4Rlm8HKEhgQTdxyIsJoqV3FJGqoyzbRaScObqAwRfMaK9dskPddQ==}
    cpu: [x64]
    os: [win32]

  '@reflink/reflink-darwin-arm64@0.1.19':
    resolution: {integrity: sha512-ruy44Lpepdk1FqDz38vExBY/PVUsjxZA+chd9wozjUH9JjuDT/HEaQYA6wYN9mf041l0yLVar6BCZuWABJvHSA==}
    engines: {node: '>= 10'}
    cpu: [arm64]
    os: [darwin]

  '@reflink/reflink-darwin-x64@0.1.19':
    resolution: {integrity: sha512-By85MSWrMZa+c26TcnAy8SDk0sTUkYlNnwknSchkhHpGXOtjNDUOxJE9oByBnGbeuIE1PiQsxDG3Ud+IVV9yuA==}
    engines: {node: '>= 10'}
    cpu: [x64]
    os: [darwin]

  '@reflink/reflink-linux-arm64-gnu@0.1.19':
    resolution: {integrity: sha512-7P+er8+rP9iNeN+bfmccM4hTAaLP6PQJPKWSA4iSk2bNvo6KU6RyPgYeHxXmzNKzPVRcypZQTpFgstHam6maVg==}
    engines: {node: '>= 10'}
    cpu: [arm64]
    os: [linux]
    libc: [glibc]

  '@reflink/reflink-linux-arm64-musl@0.1.19':
    resolution: {integrity: sha512-37iO/Dp6m5DDaC2sf3zPtx/hl9FV3Xze4xoYidrxxS9bgP3S8ALroxRK6xBG/1TtfXKTvolvp+IjrUU6ujIGmA==}
    engines: {node: '>= 10'}
    cpu: [arm64]
    os: [linux]
    libc: [musl]

  '@reflink/reflink-linux-x64-gnu@0.1.19':
    resolution: {integrity: sha512-jbI8jvuYCaA3MVUdu8vLoLAFqC+iNMpiSuLbxlAgg7x3K5bsS8nOpTRnkLF7vISJ+rVR8W+7ThXlXlUQ93ulkw==}
    engines: {node: '>= 10'}
    cpu: [x64]
    os: [linux]
    libc: [glibc]

  '@reflink/reflink-linux-x64-musl@0.1.19':
    resolution: {integrity: sha512-e9FBWDe+lv7QKAwtKOt6A2W/fyy/aEEfr0g6j/hWzvQcrzHCsz07BNQYlNOjTfeytrtLU7k449H1PI95jA4OjQ==}
    engines: {node: '>= 10'}
    cpu: [x64]
    os: [linux]
    libc: [musl]

  '@reflink/reflink-win32-arm64-msvc@0.1.19':
    resolution: {integrity: sha512-09PxnVIQcd+UOn4WAW73WU6PXL7DwGS6wPlkMhMg2zlHHG65F3vHepOw06HFCq+N42qkaNAc8AKIabWvtk6cIQ==}
    engines: {node: '>= 10'}
    cpu: [arm64]
    os: [win32]

  '@reflink/reflink-win32-x64-msvc@0.1.19':
    resolution: {integrity: sha512-E//yT4ni2SyhwP8JRjVGWr3cbnhWDiPLgnQ66qqaanjjnMiu3O/2tjCPQXlcGc/DEYofpDc9fvhv6tALQsMV9w==}
    engines: {node: '>= 10'}
    cpu: [x64]
    os: [win32]

  '@reflink/reflink@0.1.19':
    resolution: {integrity: sha512-DmCG8GzysnCZ15bres3N5AHCmwBwYgp0As6xjhQ47rAUTUXxJiK+lLUxaGsX3hd/30qUpVElh05PbGuxRPgJwA==}
    engines: {node: '>= 10'}

  detect-libc@2.1.2:
    resolution: {integrity: sha512-Btj2BOOO83o3WyH59e8MgXsxEQVcarkUOpEYrubB0urwnN10yQ364rsiByU11nZlqWYZm05i/of7io4mzihBtQ==}
    engines: {node: '>=8'}

  pnpm@11.7.0:
    resolution: {integrity: sha512-GcyFLBIMcSV2DyRD7mvgyltA+fUFmN4aCaHxd1A+AQ5Xwjx3ZG4B52HeWb+HT7IqM5jDOrlpH8E+uUa28PTWIA==}
    engines: {node: '>=22.13'}
    hasBin: true

snapshots:

  '@pacquet/darwin-arm64@0.11.7':
    optional: true

  '@pacquet/darwin-x64@0.11.7':
    optional: true

  '@pacquet/linux-arm64-musl@0.11.7':
    optional: true

  '@pacquet/linux-arm64@0.11.7':
    optional: true

  '@pacquet/linux-x64-musl@0.11.7':
    optional: true

  '@pacquet/linux-x64@0.11.7':
    optional: true

  '@pacquet/win32-arm64@0.11.7':
    optional: true

  '@pacquet/win32-x64@0.11.7':
    optional: true

  '@pnpm/exe@11.7.0':
    dependencies:
      '@reflink/reflink': 0.1.19
      detect-libc: 2.1.2
    optionalDependencies:
      '@pnpm/linux-arm64': 11.7.0
      '@pnpm/linux-x64': 11.7.0
      '@pnpm/linuxstatic-arm64': 11.7.0
      '@pnpm/linuxstatic-x64': 11.7.0
      '@pnpm/macos-arm64': 11.7.0
      '@pnpm/win-arm64': 11.7.0
      '@pnpm/win-x64': 11.7.0

  '@pnpm/linux-arm64@11.7.0':
    optional: true

  '@pnpm/linux-x64@11.7.0':
    optional: true

  '@pnpm/linuxstatic-arm64@11.7.0':
    optional: true

  '@pnpm/linuxstatic-x64@11.7.0':
    optional: true

  '@pnpm/macos-arm64@11.7.0':
    optional: true

  '@pnpm/pacquet@0.11.7':
    optionalDependencies:
      '@pacquet/darwin-arm64': 0.11.7
      '@pacquet/darwin-x64': 0.11.7
      '@pacquet/linux-arm64': 0.11.7
      '@pacquet/linux-arm64-musl': 0.11.7
      '@pacquet/linux-x64': 0.11.7
      '@pacquet/linux-x64-musl': 0.11.7
      '@pacquet/win32-arm64': 0.11.7
      '@pacquet/win32-x64': 0.11.7

  '@pnpm/win-arm64@11.7.0':
    optional: true

  '@pnpm/win-x64@11.7.0':
    optional: true

  '@reflink/reflink-darwin-arm64@0.1.19':
    optional: true

  '@reflink/reflink-darwin-x64@0.1.19':
    optional: true

  '@reflink/reflink-linux-arm64-gnu@0.1.19':
    optional: true

  '@reflink/reflink-linux-arm64-musl@0.1.19':
    optional: true

  '@reflink/reflink-linux-x64-gnu@0.1.19':
    optional: true

  '@reflink/reflink-linux-x64-musl@0.1.19':
    optional: true

  '@reflink/reflink-win32-arm64-msvc@0.1.19':
    optional: true

  '@reflink/reflink-win32-x64-msvc@0.1.19':
    optional: true

  '@reflink/reflink@0.1.19':
    optionalDependencies:
      '@reflink/reflink-darwin-arm64': 0.1.19
      '@reflink/reflink-darwin-x64': 0.1.19
      '@reflink/reflink-linux-arm64-gnu': 0.1.19
      '@reflink/reflink-linux-arm64-musl': 0.1.19
      '@reflink/reflink-linux-x64-gnu': 0.1.19
      '@reflink/reflink-linux-x64-musl': 0.1.19
      '@reflink/reflink-win32-arm64-msvc': 0.1.19
      '@reflink/reflink-win32-x64-msvc': 0.1.19

  detect-libc@2.1.2: {}

  pnpm@11.7.0: {}

---
